
Microsoft Visual Studio Solution File, Format Version 12.00
Project("{FAE04EC0-301F-11D3-BF4B-00C04F79EFBC}") = "Overflow.AppHost", "Overflow.AppHost\Overflow.AppHost.csproj", "{E4BE7F3A-8F03-45E9-82A5-3F835535FFB7}"
EndProject
Project("{FAE04EC0-301F-11D3-BF4B-00C04F79EFBC}") = "Overflow.ServiceDefaults", "Overflow.ServiceDefaults\Overflow.ServiceDefaults.csproj", "{20ECA649-DC97-4F6C-825E-94A4C2E5A2E0}"
EndProject
Global
	GlobalSection(SolutionConfigurationPlatforms) = preSolution
		Debug|Any CPU = Debug|Any CPU
		Release|Any CPU = Release|Any CPU
	EndGlobalSection
	GlobalSection(ProjectConfigurationPlatforms) = postSolution
		{E4BE7F3A-8F03-45E9-82A5-3F835535FFB7}.Debug|Any CPU.ActiveCfg = Debug|Any CPU
		{E4BE7F3A-8F03-45E9-82A5-3F835535FFB7}.Debug|Any CPU.Build.0 = Debug|Any CPU
		{E4BE7F3A-8F03-45E9-82A5-3F835535FFB7}.Release|Any CPU.ActiveCfg = Release|Any CPU
		{E4BE7F3A-8F03-45E9-82A5-3F835535FFB7}.Release|Any CPU.Build.0 = Release|Any CPU
		{20ECA649-DC97-4F6C-825E-94A4C2E5A2E0}.Debug|Any CPU.ActiveCfg = Debug|Any CPU
		{20ECA649-DC97-4F6C-825E-94A4C2E5A2E0}.Debug|Any CPU.Build.0 = Debug|Any CPU
		{20ECA649-DC97-4F6C-825E-94A4C2E5A2E0}.Release|Any CPU.ActiveCfg = Release|Any CPU
		{20ECA649-DC97-4F6C-825E-94A4C2E5A2E0}.Release|Any CPU.Build.0 = Release|Any CPU
	EndGlobalSection
EndGlobal
